{
  "name": "industrial-os",
  "lockfileVersion": 3,
  "requires": true,
  "packages": {
    "": {
      "name": "industrial-os",
      "dependencies": {
        "@industrial-os/design-system": "file:design-system"
      }
    },
    "design-system": {
      "name": "@industrial-os/design-system",
      "engines": {
        "node": ">=22"
      }
    },
    "node_modules/@industrial-os/design-system": {
      "resolved": "design-system",
      "link": true
    }
  }
}
